PODS:
  - React (0.55.4):
    - React/Core (= 0.55.4)
  - react-native-orientation (3.1.3):
    - React
  - React/Core (0.55.4):
    - yoga (= 0.55.4.React)
  - React/DevSupport (0.55.4):
    - React/Core
    - React/RCTWebSocket
  - React/fishhook (0.55.4)
  - React/RCTActionSheet (0.55.4):
    - React/Core
  - React/RCTAnimation (0.55.4):
    - React/Core
  - React/RCTBlob (0.55.4):
    - React/Core
  - React/RCTGeolocation (0.55.4):
    - React/Core
  - React/RCTImage (0.55.4):
    - React/Core
    - React/RCTNetwork
  - React/RCTLinkingIOS (0.55.4):
    - React/Core
  - React/RCTNetwork (0.55.4):
    - React/Core
  - React/RCTSettings (0.55.4):
    - React/Core
  - React/RCTText (0.55.4):
    - React/Core
  - React/RCTVibration (0.55.4):
    - React/Core
  - React/RCTWebSocket (0.55.4):
    - React/Core
    - React/fishhook
    - React/RCTBlob
  - RNI18n (2.0.12):
    - React
  - RNSVG (6.3.1):
    - React
  - yoga (0.55.4.React)

DEPENDENCIES:
  - react-native-orientation (from `../node_modules/react-native-orientation`)
  - React/Core (from `../node_modules/react-native`)
  - React/DevSupport (from `../node_modules/react-native`)
  - React/RCTActionSheet (from `../node_modules/react-native`)
  - React/RCTAnimation (from `../node_modules/react-native`)
  - React/RCTGeolocation (from `../node_modules/react-native`)
  - React/RCTImage (from `../node_modules/react-native`)
  - React/RCTLinkingIOS (from `../node_modules/react-native`)
  - React/RCTNetwork (from `../node_modules/react-native`)
  - React/RCTSettings (from `../node_modules/react-native`)
  - React/RCTText (from `../node_modules/react-native`)
  - React/RCTVibration (from `../node_modules/react-native`)
  - React/RCTWebSocket (from `../node_modules/react-native`)
  - RNI18n (from `../node_modules/react-native-i18n`)
  - RNSVG (from `../node_modules/react-native-svg`)
  - yoga (from `../node_modules/react-native/ReactCommon/yoga/yoga.podspec`)

EXTERNAL SOURCES:
  React:
    :path: ../node_modules/react-native
  react-native-orientation:
    :path: ../node_modules/react-native-orientation
  RNI18n:
    :path: ../node_modules/react-native-i18n
  RNSVG:
    :path: ../node_modules/react-native-svg
  yoga:
    :path: ../node_modules/react-native/ReactCommon/yoga/yoga.podspec

SPEC CHECKSUMS:
  React: aa2040dbb6f317b95314968021bd2888816e03d5
  react-native-orientation: 3d9a0a8273d18260f7528414093a6a36491382b6
  RNI18n: db9be06a40336f04d136f24dd5de3f5eb9f3207c
  RNSVG: 6252323c0312735f0af5f58b5adf2965b6a9ffbf
  yoga: a23273df0088bf7f2bb7e5d7b00044ea57a2a54a

PODFILE CHECKSUM: 01260f4ae1e4a6f32836bebc63f6544a25c85525

COCOAPODS: 1.4.0
